{
  "nodes": {
    "flake-utils": {
      "inputs": {
        "systems": "systems"
      },
      "locked": {
        "lastModified": 1731533236,
        "narHash": "sha256-l0KFg5HjrsfsO/JpG+r7fRrqm12kzFHyUHqHCVpMMbI=",
        "owner": "numtide",
        "repo": "flake-utils",
        "rev": "11707dc2f618dd54ca8739b309ec4fc024de578b",
        "type": "github"
      },
      "original": {
        "owner": "numtide",
        "repo": "flake-utils",
        "type": "github"
      }
    },
    "flake-utils_2": {
      "inputs": {
        "systems": "systems_2"
      },
      "locked": {
        "lastModified": 1731533236,
        "narHash": "sha256-l0KFg5HjrsfsO/JpG+r7fRrqm12kzFHyUHqHCVpMMbI=",
        "owner": "numtide",
        "repo": "flake-utils",
        "rev": "11707dc2f618dd54ca8739b309ec4fc024de578b",
        "type": "github"
      },
      "original": {
        "owner": "numtide",
        "repo": "flake-utils",
        "type": "github"
      }
    },
    "freedownloadmanager": {
      "inputs": {
        "nixpkgs": "nixpkgs"
      },
      "locked": {
        "lastModified": 1765598919,
        "narHash": "sha256-1itiIMkw00Hz7ceLjvpjH7fJ+llpKshBo0kzKXJDr8w=",
        "owner": "aaaamida",
        "repo": "nix-fdm",
        "rev": "263ac8c6b094891228a92adf9f09eccf466e35e1",
        "type": "github"
      },
      "original": {
        "owner": "aaaamida",
        "repo": "nix-fdm",
        "type": "github"
      }
    },
    "home-manager": {
      "inputs": {
        "nixpkgs": [
          "nixpkgs"
        ]
      },
      "locked": {
        "lastModified": 1764998300,
        "narHash": "sha256-fZatn/KLfHLDXnF0wy7JxXqGaZmGDTVufT4o/AOlj44=",
        "owner": "nix-community",
        "repo": "home-manager",
        "rev": "27a6182347ccae90a88231ae0dc5dfa7d15815bb",
        "type": "github"
      },
      "original": {
        "owner": "nix-community",
        "repo": "home-manager",
        "type": "github"
      }
    },
    "krisp-patcher": {
      "inputs": {
        "flake-utils": "flake-utils",
        "nixpkgs": "nixpkgs_2"
      },
      "locked": {
        "lastModified": 1766737155,
        "narHash": "sha256-pU+tZKOgArxWU4xHaVIZhYilvOjndaHQ2XAV517eJ7U=",
        "ref": "refs/heads/mistress",
        "rev": "a9e1f63200508eeb8d2e3bc2f1252189fe0860fe",
        "revCount": 1,
        "type": "git",
        "url": "https://git.gay/amida/krisp-patcher"
      },
      "original": {
        "type": "git",
        "url": "https://git.gay/amida/krisp-patcher"
      }
    },
    "nixpkgs": {
      "locked": {
        "lastModified": 1765186076,
        "narHash": "sha256-hM20uyap1a0M9d344I692r+ik4gTMyj60cQWO+hAYP8=",
        "owner": "NixOS",
        "repo": "nixpkgs",
        "rev": "addf7cf5f383a3101ecfba091b98d0a1263dc9b8",
        "type": "github"
      },
      "original": {
        "owner": "NixOS",
        "ref": "nixos-unstable",
        "repo": "nixpkgs",
        "type": "github"
      }
    },
    "nixpkgs_2": {
      "locked": {
        "lastModified": 1766651565,
        "narHash": "sha256-QEhk0eXgyIqTpJ/ehZKg9IKS7EtlWxF3N7DXy42zPfU=",
        "owner": "NixOS",
        "repo": "nixpkgs",
        "rev": "3e2499d5539c16d0d173ba53552a4ff8547f4539",
        "type": "github"
      },
      "original": {
        "owner": "NixOS",
        "ref": "nixos-unstable",
        "repo": "nixpkgs",
        "type": "github"
      }
    },
    "nixpkgs_3": {
      "locked": {
        "lastModified": 1764950072,
        "narHash": "sha256-BmPWzogsG2GsXZtlT+MTcAWeDK5hkbGRZTeZNW42fwA=",
        "owner": "nixos",
        "repo": "nixpkgs",
        "rev": "f61125a668a320878494449750330ca58b78c557",
        "type": "github"
      },
      "original": {
        "owner": "nixos",
        "ref": "nixos-unstable",
        "repo": "nixpkgs",
        "type": "github"
      }
    },
    "nixpkgs_4": {
      "locked": {
        "lastModified": 1762111121,
        "narHash": "sha256-4vhDuZ7OZaZmKKrnDpxLZZpGIJvAeMtK6FKLJYUtAdw=",
        "owner": "NixOS",
        "repo": "nixpkgs",
        "rev": "b3d51a0365f6695e7dd5cdf3e180604530ed33b4",
        "type": "github"
      },
      "original": {
        "owner": "NixOS",
        "ref": "nixos-unstable",
        "repo": "nixpkgs",
        "type": "github"
      }
    },
    "noctalia": {
      "inputs": {
        "nixpkgs": [
          "nixpkgs"
        ]
      },
      "locked": {
        "lastModified": 1765028374,
        "narHash": "sha256-WhS0HlRrQSuf4pWOnqKZizN8N8EpFDe53sbYwFy2J2E=",
        "owner": "noctalia-dev",
        "repo": "noctalia-shell",
        "rev": "75ecc5ca97f154b6d4ac47e14b800d18d7a90ddb",
        "type": "github"
      },
      "original": {
        "owner": "noctalia-dev",
        "repo": "noctalia-shell",
        "type": "github"
      }
    },
    "quickshell": {
      "inputs": {
        "nixpkgs": [
          "nixpkgs"
        ]
      },
      "locked": {
        "lastModified": 1764663772,
        "narHash": "sha256-sHqLmm0wAt3PC4vczJeBozI1/f4rv9yp3IjkClHDXDs=",
        "owner": "outfoxxed",
        "repo": "quickshell",
        "rev": "26531fc46ef17e9365b03770edd3fb9206fcb460",
        "type": "github"
      },
      "original": {
        "owner": "outfoxxed",
        "repo": "quickshell",
        "type": "github"
      }
    },
    "root": {
      "inputs": {
        "freedownloadmanager": "freedownloadmanager",
        "home-manager": "home-manager",
        "krisp-patcher": "krisp-patcher",
        "nixpkgs": "nixpkgs_3",
        "noctalia": "noctalia",
        "quickshell": "quickshell",
        "yt-dlp": "yt-dlp"
      }
    },
    "systems": {
      "locked": {
        "lastModified": 1681028828,
        "narHash": "sha256-Vy1rq5AaRuLzOxct8nz4T6wlgyUR7zLU309k9mBC768=",
        "owner": "nix-systems",
        "repo": "default",
        "rev": "da67096a3b9bf56a91d16901293e51ba5b49a27e",
        "type": "github"
      },
      "original": {
        "owner": "nix-systems",
        "repo": "default",
        "type": "github"
      }
    },
    "systems_2": {
      "locked": {
        "lastModified": 1681028828,
        "narHash": "sha256-Vy1rq5AaRuLzOxct8nz4T6wlgyUR7zLU309k9mBC768=",
        "owner": "nix-systems",
        "repo": "default",
        "rev": "da67096a3b9bf56a91d16901293e51ba5b49a27e",
        "type": "github"
      },
      "original": {
        "owner": "nix-systems",
        "repo": "default",
        "type": "github"
      }
    },
    "yt-dlp": {
      "inputs": {
        "flake-utils": "flake-utils_2",
        "nixpkgs": "nixpkgs_4",
        "yt-dlp-src": "yt-dlp-src"
      },
      "locked": {
        "lastModified": 1762254619,
        "narHash": "sha256-kdHJW7+Kh94lQLtpnJQ7eN1uFdx/yC0K3YzuFJyMtBs=",
        "owner": "aaaamida",
        "repo": "yt-dlp-flake",
        "rev": "b3621af19ffd2be96dd3cbf99e81862d3e7710eb",
        "type": "github"
      },
      "original": {
        "owner": "aaaamida",
        "repo": "yt-dlp-flake",
        "type": "github"
      }
    },
    "yt-dlp-src": {
      "flake": false,
      "locked": {
        "lastModified": 1762212453,
        "narHash": "sha256-ygeyk1iSDzZ7w2/J8Dseqak0zaQ0EUwHgRaXKZ203is=",
        "owner": "yt-dlp",
        "repo": "yt-dlp",
        "rev": "ffb7b7f446b6c67a28c66598ae91f4f2263e0d75",
        "type": "github"
      },
      "original": {
        "owner": "yt-dlp",
        "repo": "yt-dlp",
        "type": "github"
      }
    }
  },
  "root": "root",
  "version": 7
}
