{
  "nodes": {
    "flake-compat": {
      "locked": {
        "lastModified": 1733328505,
        "narHash": "sha256-NeCCThCEP3eCl2l/+27kNNK7QrwZB1IJCrXfrbv5oqU=",
        "rev": "ff81ac966bb2cae68946d5ed5fc4994f96d0ffec",
        "revCount": 69,
        "type": "tarball",
        "url": "https://api.flakehub.com/f/pinned/edolstra/flake-compat/1.1.0/01948eb7-9cba-704f-bbf3-3fa956735b52/source.tar.gz"
      },
      "original": {
        "type": "tarball",
        "url": "https://flakehub.com/f/edolstra/flake-compat/1.tar.gz"
      }
    },
    "flake-parts": {
      "inputs": {
        "nixpkgs-lib": "nixpkgs-lib"
      },
      "locked": {
        "lastModified": 1782949081,
        "narHash": "sha256-vp6Y/Grm98ESt6ceOkWiHWyZRDV3J1RID4w+6NWK9yA=",
        "owner": "hercules-ci",
        "repo": "flake-parts",
        "rev": "17c9d6cdfc60c64f4ee8d306f9bc0b4ccb51481e",
        "type": "github"
      },
      "original": {
        "owner": "hercules-ci",
        "repo": "flake-parts",
        "type": "github"
      }
    },
    "flake-utils": {
      "inputs": {
        "systems": "systems"
      },
      "locked": {
        "lastModified": 1731533236,
        "narHash": "sha256-l0KFg5HjrsfsO/JpG+r7fRrqm12kzFHyUHqHCVpMMbI=",
        "owner": "numtide",
        "repo": "flake-utils",
        "rev": "11707dc2f618dd54ca8739b309ec4fc024de578b",
        "type": "github"
      },
      "original": {
        "owner": "numtide",
        "repo": "flake-utils",
        "type": "github"
      }
    },
    "flake-utils_2": {
      "inputs": {
        "systems": "systems_2"
      },
      "locked": {
        "lastModified": 1731533236,
        "narHash": "sha256-l0KFg5HjrsfsO/JpG+r7fRrqm12kzFHyUHqHCVpMMbI=",
        "owner": "numtide",
        "repo": "flake-utils",
        "rev": "11707dc2f618dd54ca8739b309ec4fc024de578b",
        "type": "github"
      },
      "original": {
        "owner": "numtide",
        "repo": "flake-utils",
        "type": "github"
      }
    },
    "flake-utils_3": {
      "inputs": {
        "systems": "systems_3"
      },
      "locked": {
        "lastModified": 1731533236,
        "narHash": "sha256-l0KFg5HjrsfsO/JpG+r7fRrqm12kzFHyUHqHCVpMMbI=",
        "owner": "numtide",
        "repo": "flake-utils",
        "rev": "11707dc2f618dd54ca8739b309ec4fc024de578b",
        "type": "github"
      },
      "original": {
        "owner": "numtide",
        "repo": "flake-utils",
        "type": "github"
      }
    },
    "home-manager": {
      "inputs": {
        "nixpkgs": [
          "nixpkgs"
        ]
      },
      "locked": {
        "lastModified": 1783134515,
        "narHash": "sha256-qMoZazubXlXUD9k/syJ/aiWC4X4g73mwVmZ7Z4+rdpM=",
        "owner": "nix-community",
        "repo": "home-manager",
        "rev": "b885baad531fa3d3beae2ba9a0712d22974d8016",
        "type": "github"
      },
      "original": {
        "owner": "nix-community",
        "repo": "home-manager",
        "type": "github"
      }
    },
    "kira-studio": {
      "inputs": {
        "flake-utils": "flake-utils",
        "nixpkgs": "nixpkgs"
      },
      "locked": {
        "lastModified": 1772503019,
        "narHash": "sha256-3CyQprREqRYL4icy5s/Ell3uUSFp6thZLE/xUQkAYHg=",
        "ref": "refs/heads/mistress",
        "rev": "8193bc8b76e6ea3eb3f2236ca1288f805896ca25",
        "revCount": 2,
        "type": "git",
        "url": "https://git.gay/amida/kira-studio-flake"
      },
      "original": {
        "type": "git",
        "url": "https://git.gay/amida/kira-studio-flake"
      }
    },
    "krisp-patcher": {
      "inputs": {
        "flake-utils": "flake-utils_2",
        "nixpkgs": "nixpkgs_2"
      },
      "locked": {
        "lastModified": 1766737155,
        "narHash": "sha256-pU+tZKOgArxWU4xHaVIZhYilvOjndaHQ2XAV517eJ7U=",
        "ref": "refs/heads/mistress",
        "rev": "a9e1f63200508eeb8d2e3bc2f1252189fe0860fe",
        "revCount": 1,
        "type": "git",
        "url": "https://git.gay/amida/krisp-patcher"
      },
      "original": {
        "type": "git",
        "url": "https://git.gay/amida/krisp-patcher"
      }
    },
    "nixcord": {
      "inputs": {
        "flake-compat": "flake-compat",
        "flake-parts": "flake-parts",
        "nixpkgs": "nixpkgs_3",
        "nixpkgs-nixcord": "nixpkgs-nixcord"
      },
      "locked": {
        "lastModified": 1783197463,
        "narHash": "sha256-cX9QwzwsxcIXr4rUjys4sLoJDp6KXq1c0HaqogQcQto=",
        "owner": "4evy",
        "repo": "nixcord",
        "rev": "35f2aa7b56b2e546273307ac2d0fa357ca4c62c3",
        "type": "github"
      },
      "original": {
        "owner": "4evy",
        "repo": "nixcord",
        "type": "github"
      }
    },
    "nixpkgs": {
      "locked": {
        "lastModified": 1772433332,
        "narHash": "sha256-izhTDFKsg6KeVBxJS9EblGeQ8y+O8eCa6RcW874vxEc=",
        "owner": "NixOS",
        "repo": "nixpkgs",
        "rev": "cf59864ef8aa2e178cccedbe2c178185b0365705",
        "type": "github"
      },
      "original": {
        "owner": "NixOS",
        "ref": "nixos-unstable",
        "repo": "nixpkgs",
        "type": "github"
      }
    },
    "nixpkgs-lib": {
      "locked": {
        "lastModified": 1782614948,
        "narHash": "sha256-ePjCwr1sNm9NYUqywL7QfK3JnlS015msC+eBu2zKlp8=",
        "owner": "nix-community",
        "repo": "nixpkgs.lib",
        "rev": "db3f255737b94216eb71cce308e2912cf6bc2d7c",
        "type": "github"
      },
      "original": {
        "owner": "nix-community",
        "repo": "nixpkgs.lib",
        "type": "github"
      }
    },
    "nixpkgs-nixcord": {
      "locked": {
        "lastModified": 1782999065,
        "narHash": "sha256-5Dgj5+pIQYZKrXUGaLCk7CKfN3MmpwIhO94++WVxvng=",
        "owner": "NixOS",
        "repo": "nixpkgs",
        "rev": "80d591ed473cfc46329932c2aadac9b435342c7c",
        "type": "github"
      },
      "original": {
        "owner": "NixOS",
        "ref": "nixos-26.05",
        "repo": "nixpkgs",
        "type": "github"
      }
    },
    "nixpkgs_2": {
      "locked": {
        "lastModified": 1766651565,
        "narHash": "sha256-QEhk0eXgyIqTpJ/ehZKg9IKS7EtlWxF3N7DXy42zPfU=",
        "owner": "NixOS",
        "repo": "nixpkgs",
        "rev": "3e2499d5539c16d0d173ba53552a4ff8547f4539",
        "type": "github"
      },
      "original": {
        "owner": "NixOS",
        "ref": "nixos-unstable",
        "repo": "nixpkgs",
        "type": "github"
      }
    },
    "nixpkgs_3": {
      "locked": {
        "lastModified": 1782999065,
        "narHash": "sha256-5Dgj5+pIQYZKrXUGaLCk7CKfN3MmpwIhO94++WVxvng=",
        "owner": "NixOS",
        "repo": "nixpkgs",
        "rev": "80d591ed473cfc46329932c2aadac9b435342c7c",
        "type": "github"
      },
      "original": {
        "owner": "NixOS",
        "ref": "nixos-26.05",
        "repo": "nixpkgs",
        "type": "github"
      }
    },
    "nixpkgs_4": {
      "locked": {
        "lastModified": 1782959384,
        "narHash": "sha256-xnJJk+ct+D2+wdRxj1wk36w5zV9RVESwRqcklPdt3fM=",
        "owner": "nixos",
        "repo": "nixpkgs",
        "rev": "65179426c83bb3f6bc14898b42ea1c6f01d374b0",
        "type": "github"
      },
      "original": {
        "owner": "nixos",
        "ref": "nixos-unstable",
        "repo": "nixpkgs",
        "type": "github"
      }
    },
    "nixpkgs_5": {
      "locked": {
        "lastModified": 1767379071,
        "narHash": "sha256-EgE0pxsrW9jp9YFMkHL9JMXxcqi/OoumPJYwf+Okucw=",
        "owner": "NixOS",
        "repo": "nixpkgs",
        "rev": "fb7944c166a3b630f177938e478f0378e64ce108",
        "type": "github"
      },
      "original": {
        "owner": "NixOS",
        "ref": "nixos-unstable",
        "repo": "nixpkgs",
        "type": "github"
      }
    },
    "noctalia": {
      "inputs": {
        "nixpkgs": [
          "nixpkgs"
        ]
      },
      "locked": {
        "lastModified": 1783206241,
        "narHash": "sha256-EXHUJRCxZjz0931IbZNecsEcTllofRoqicA722ni3/M=",
        "owner": "noctalia-dev",
        "repo": "noctalia-shell",
        "rev": "889d9e975e9471b4537d3fb043041a9af3ff1346",
        "type": "github"
      },
      "original": {
        "owner": "noctalia-dev",
        "repo": "noctalia-shell",
        "type": "github"
      }
    },
    "quickshell": {
      "inputs": {
        "nixpkgs": [
          "nixpkgs"
        ]
      },
      "locked": {
        "lastModified": 1782811879,
        "narHash": "sha256-7YAUrV8YoDFnvOtFAGzdMVgNh25h7nOg3PxjRmLAHaE=",
        "owner": "outfoxxed",
        "repo": "quickshell",
        "rev": "1661ef100a431a470ed2c42e6d06539b77edf826",
        "type": "github"
      },
      "original": {
        "owner": "outfoxxed",
        "repo": "quickshell",
        "type": "github"
      }
    },
    "root": {
      "inputs": {
        "home-manager": "home-manager",
        "kira-studio": "kira-studio",
        "krisp-patcher": "krisp-patcher",
        "nixcord": "nixcord",
        "nixpkgs": "nixpkgs_4",
        "noctalia": "noctalia",
        "quickshell": "quickshell",
        "zhao-cur": "zhao-cur"
      }
    },
    "systems": {
      "locked": {
        "lastModified": 1681028828,
        "narHash": "sha256-Vy1rq5AaRuLzOxct8nz4T6wlgyUR7zLU309k9mBC768=",
        "owner": "nix-systems",
        "repo": "default",
        "rev": "da67096a3b9bf56a91d16901293e51ba5b49a27e",
        "type": "github"
      },
      "original": {
        "owner": "nix-systems",
        "repo": "default",
        "type": "github"
      }
    },
    "systems_2": {
      "locked": {
        "lastModified": 1681028828,
        "narHash": "sha256-Vy1rq5AaRuLzOxct8nz4T6wlgyUR7zLU309k9mBC768=",
        "owner": "nix-systems",
        "repo": "default",
        "rev": "da67096a3b9bf56a91d16901293e51ba5b49a27e",
        "type": "github"
      },
      "original": {
        "owner": "nix-systems",
        "repo": "default",
        "type": "github"
      }
    },
    "systems_3": {
      "locked": {
        "lastModified": 1681028828,
        "narHash": "sha256-Vy1rq5AaRuLzOxct8nz4T6wlgyUR7zLU309k9mBC768=",
        "owner": "nix-systems",
        "repo": "default",
        "rev": "da67096a3b9bf56a91d16901293e51ba5b49a27e",
        "type": "github"
      },
      "original": {
        "owner": "nix-systems",
        "repo": "default",
        "type": "github"
      }
    },
    "zhao-cur": {
      "inputs": {
        "flake-utils": "flake-utils_3",
        "nixpkgs": "nixpkgs_5"
      },
      "locked": {
        "lastModified": 1767804083,
        "narHash": "sha256-KQnv6CHm9q2sw0FkKHp1jKDplfsyIu6dL+ytGpTSdLg=",
        "ref": "refs/heads/mistress",
        "rev": "ad8e252c2ad5912a1fecb831a72b8dc45b46c072",
        "revCount": 5,
        "type": "git",
        "url": "ssh://git@git.gay/amida/zhao-cur"
      },
      "original": {
        "type": "git",
        "url": "ssh://git@git.gay/amida/zhao-cur"
      }
    }
  },
  "root": "root",
  "version": 7
}
